
Microsoft Visual Studio Solution File, Format Version 12.00
Project("{FAE04EC0-301F-11D3-BF4B-00C04F79EFBC}") = "ConsoleApp1", "ConsoleApp1\ConsoleApp1.csproj", "{A98CAF4F-191C-460B-A3E5-13D5A64E4FE6}"
EndProject
Project("{FAE04EC0-301F-11D3-BF4B-00C04F79EFBC}") = "WebApplication1", "WebApplication1\WebApplication1.csproj", "{CABFEC97-A8A9-4E2B-906C-EF0BDBE2F454}"
EndProject
Project("{FAE04EC0-301F-11D3-BF4B-00C04F79EFBC}") = "Polynomials", "Polynomials\Polynomials.csproj", "{5236AC45-FEF6-40C0-BC3F-11347CD2B7BB}"
EndProject
Project("{FAE04EC0-301F-11D3-BF4B-00C04F79EFBC}") = "OptTest", "OptTest\OptTest.csproj", "{8107E7C0-479F-4F95-8741-C68DCCD8AECC}"
EndProject
Global
	GlobalSection(SolutionConfigurationPlatforms) = preSolution
		Debug|Any CPU = Debug|Any CPU
		Release|Any CPU = Release|Any CPU
	EndGlobalSection
	GlobalSection(ProjectConfigurationPlatforms) = postSolution
		{A98CAF4F-191C-460B-A3E5-13D5A64E4FE6}.Debug|Any CPU.ActiveCfg = Debug|Any CPU
		{A98CAF4F-191C-460B-A3E5-13D5A64E4FE6}.Debug|Any CPU.Build.0 = Debug|Any CPU
		{A98CAF4F-191C-460B-A3E5-13D5A64E4FE6}.Release|Any CPU.ActiveCfg = Release|Any CPU
		{A98CAF4F-191C-460B-A3E5-13D5A64E4FE6}.Release|Any CPU.Build.0 = Release|Any CPU
		{CABFEC97-A8A9-4E2B-906C-EF0BDBE2F454}.Debug|Any CPU.ActiveCfg = Debug|Any CPU
		{CABFEC97-A8A9-4E2B-906C-EF0BDBE2F454}.Debug|Any CPU.Build.0 = Debug|Any CPU
		{CABFEC97-A8A9-4E2B-906C-EF0BDBE2F454}.Release|Any CPU.ActiveCfg = Release|Any CPU
		{CABFEC97-A8A9-4E2B-906C-EF0BDBE2F454}.Release|Any CPU.Build.0 = Release|Any CPU
		{5236AC45-FEF6-40C0-BC3F-11347CD2B7BB}.Debug|Any CPU.ActiveCfg = Debug|Any CPU
		{5236AC45-FEF6-40C0-BC3F-11347CD2B7BB}.Debug|Any CPU.Build.0 = Debug|Any CPU
		{5236AC45-FEF6-40C0-BC3F-11347CD2B7BB}.Release|Any CPU.ActiveCfg = Release|Any CPU
		{5236AC45-FEF6-40C0-BC3F-11347CD2B7BB}.Release|Any CPU.Build.0 = Release|Any CPU
		{8107E7C0-479F-4F95-8741-C68DCCD8AECC}.Debug|Any CPU.ActiveCfg = Debug|Any CPU
		{8107E7C0-479F-4F95-8741-C68DCCD8AECC}.Debug|Any CPU.Build.0 = Debug|Any CPU
		{8107E7C0-479F-4F95-8741-C68DCCD8AECC}.Release|Any CPU.ActiveCfg = Release|Any CPU
		{8107E7C0-479F-4F95-8741-C68DCCD8AECC}.Release|Any CPU.Build.0 = Release|Any CPU
	EndGlobalSection
EndGlobal
